
Microsoft Visual Studio Solution File, Format Version 12.00
# Visual Studio 15
VisualStudioVersion = 15.0.28010.2050
MinimumVisualStudioVersion = 10.0.40219.1
Project("{FAE04EC0-301F-11D3-BF4B-00C04F79EFBC}") = "Dziennik", "Dziennik\Dziennik.csproj", "{C47881D7-B6F8-4AFF-9A4E-89D796E3B858}"
EndProject
Project("{FAE04EC0-301F-11D3-BF4B-00C04F79EFBC}") = "DziennikUnitTest", "DziennikUnitTest\DziennikUnitTest.csproj", "{1C953904-27B1-4A2F-8CB2-CBDD1DC411A5}"
EndProject
Global
	GlobalSection(SolutionConfigurationPlatforms) = preSolution
		Debug|Any CPU = Debug|Any CPU
		Release|Any CPU = Release|Any CPU
	EndGlobalSection
	GlobalSection(ProjectConfigurationPlatforms) = postSolution
		{C47881D7-B6F8-4AFF-9A4E-89D796E3B858}.Debug|Any CPU.ActiveCfg = Debug|Any CPU
		{C47881D7-B6F8-4AFF-9A4E-89D796E3B858}.Debug|Any CPU.Build.0 = Debug|Any CPU
		{C47881D7-B6F8-4AFF-9A4E-89D796E3B858}.Release|Any CPU.ActiveCfg = Release|Any CPU
		{C47881D7-B6F8-4AFF-9A4E-89D796E3B858}.Release|Any CPU.Build.0 = Release|Any CPU
		{1C953904-27B1-4A2F-8CB2-CBDD1DC411A5}.Debug|Any CPU.ActiveCfg = Debug|Any CPU
		{1C953904-27B1-4A2F-8CB2-CBDD1DC411A5}.Debug|Any CPU.Build.0 = Debug|Any CPU
		{1C953904-27B1-4A2F-8CB2-CBDD1DC411A5}.Release|Any CPU.ActiveCfg = Release|Any CPU
		{1C953904-27B1-4A2F-8CB2-CBDD1DC411A5}.Release|Any CPU.Build.0 = Release|Any CPU
	EndGlobalSection
	GlobalSection(SolutionProperties) = preSolution
		HideSolutionNode = FALSE
	EndGlobalSection
	GlobalSection(ExtensibilityGlobals) = postSolution
		SolutionGuid = {1251A978-71AB-44EB-B7D6-AC548A7CF757}
	EndGlobalSection
EndGlobal
